
Microsoft Visual Studio Solution File, Format Version 12.00
Project("{2150E333-8FDC-42A3-9474-1A3956D46DE8}") = "outhers", "outhers", "{ABFA4C89-A631-42D8-8D8C-EB2BEA6940E1}"
	ProjectSection(SolutionItems) = preProject
		.gitignore = .gitignore
		compose.yaml = compose.yaml
	EndProjectSection
EndProject
Project("{2150E333-8FDC-42A3-9474-1A3956D46DE8}") = "SQL", "SQL", "{AE78EE89-6ABB-4E0C-BC17-D75D9634CA7C}"
	ProjectSection(SolutionItems) = preProject
		SQL\create_db.sql = SQL\create_db.sql
		SQL\hotel_db.png = SQL\hotel_db.png
	EndProjectSection
EndProject
Project("{FAE04EC0-301F-11D3-BF4B-00C04F79EFBC}") = "HotelBooking.Models", "HotelBooking.Models\HotelBooking.Models.csproj", "{EFBCB1F8-2848-4F7F-B1DA-D1CBF33D5C42}"
EndProject
Project("{2150E333-8FDC-42A3-9474-1A3956D46DE8}") = "Server", "Server", "{DF3ADB96-FB27-499D-8E4E-EDF8F49982C4}"
EndProject
Project("{FAE04EC0-301F-11D3-BF4B-00C04F79EFBC}") = "HotelBooking.DAL", "HotelBooking.DAL\HotelBooking.DAL.csproj", "{8F4ECF84-99AC-4884-B1E3-54FF59B3C5DD}"
EndProject
Project("{FAE04EC0-301F-11D3-BF4B-00C04F79EFBC}") = "HotelBooking.DAL.Test", "HotelBooking.DAL.Test\HotelBooking.DAL.Test.csproj", "{4731308A-EE39-4285-BDB2-874BAB9B9DB1}"
EndProject
Project("{FAE04EC0-301F-11D3-BF4B-00C04F79EFBC}") = "HotelBooking.WebApi", "HotelBooking.WebApi\HotelBooking.WebApi.csproj", "{F1D2AFD8-5BB1-4513-817F-E4C663E37874}"
EndProject
Project("{2150E333-8FDC-42A3-9474-1A3956D46DE8}") = "Clients", "Clients", "{124D66DE-8C1D-4430-89A2-CE7BEC6BAF31}"
EndProject
Project("{FAE04EC0-301F-11D3-BF4B-00C04F79EFBC}") = "HotelBooking.Desktop", "HotelBooking.Desktop\HotelBooking.Desktop.csproj", "{D40AD78E-2FA6-46D1-A1D4-C9128146711E}"
EndProject
Global
	GlobalSection(SolutionConfigurationPlatforms) = preSolution
		Debug|Any CPU = Debug|Any CPU
		Release|Any CPU = Release|Any CPU
	EndGlobalSection
	GlobalSection(ProjectConfigurationPlatforms) = postSolution
		{EFBCB1F8-2848-4F7F-B1DA-D1CBF33D5C42}.Debug|Any CPU.ActiveCfg = Debug|Any CPU
		{EFBCB1F8-2848-4F7F-B1DA-D1CBF33D5C42}.Debug|Any CPU.Build.0 = Debug|Any CPU
		{EFBCB1F8-2848-4F7F-B1DA-D1CBF33D5C42}.Release|Any CPU.ActiveCfg = Release|Any CPU
		{EFBCB1F8-2848-4F7F-B1DA-D1CBF33D5C42}.Release|Any CPU.Build.0 = Release|Any CPU
		{8F4ECF84-99AC-4884-B1E3-54FF59B3C5DD}.Debug|Any CPU.ActiveCfg = Debug|Any CPU
		{8F4ECF84-99AC-4884-B1E3-54FF59B3C5DD}.Debug|Any CPU.Build.0 = Debug|Any CPU
		{8F4ECF84-99AC-4884-B1E3-54FF59B3C5DD}.Release|Any CPU.ActiveCfg = Release|Any CPU
		{8F4ECF84-99AC-4884-B1E3-54FF59B3C5DD}.Release|Any CPU.Build.0 = Release|Any CPU
		{4731308A-EE39-4285-BDB2-874BAB9B9DB1}.Debug|Any CPU.ActiveCfg = Debug|Any CPU
		{4731308A-EE39-4285-BDB2-874BAB9B9DB1}.Debug|Any CPU.Build.0 = Debug|Any CPU
		{4731308A-EE39-4285-BDB2-874BAB9B9DB1}.Release|Any CPU.ActiveCfg = Release|Any CPU
		{4731308A-EE39-4285-BDB2-874BAB9B9DB1}.Release|Any CPU.Build.0 = Release|Any CPU
		{F1D2AFD8-5BB1-4513-817F-E4C663E37874}.Debug|Any CPU.ActiveCfg = Debug|Any CPU
		{F1D2AFD8-5BB1-4513-817F-E4C663E37874}.Debug|Any CPU.Build.0 = Debug|Any CPU
		{F1D2AFD8-5BB1-4513-817F-E4C663E37874}.Release|Any CPU.ActiveCfg = Release|Any CPU
		{F1D2AFD8-5BB1-4513-817F-E4C663E37874}.Release|Any CPU.Build.0 = Release|Any CPU
		{D40AD78E-2FA6-46D1-A1D4-C9128146711E}.Debug|Any CPU.ActiveCfg = Debug|Any CPU
		{D40AD78E-2FA6-46D1-A1D4-C9128146711E}.Debug|Any CPU.Build.0 = Debug|Any CPU
		{D40AD78E-2FA6-46D1-A1D4-C9128146711E}.Release|Any CPU.ActiveCfg = Release|Any CPU
		{D40AD78E-2FA6-46D1-A1D4-C9128146711E}.Release|Any CPU.Build.0 = Release|Any CPU
	EndGlobalSection
	GlobalSection(NestedProjects) = preSolution
		{8F4ECF84-99AC-4884-B1E3-54FF59B3C5DD} = {DF3ADB96-FB27-499D-8E4E-EDF8F49982C4}
		{4731308A-EE39-4285-BDB2-874BAB9B9DB1} = {DF3ADB96-FB27-499D-8E4E-EDF8F49982C4}
		{F1D2AFD8-5BB1-4513-817F-E4C663E37874} = {DF3ADB96-FB27-499D-8E4E-EDF8F49982C4}
		{D40AD78E-2FA6-46D1-A1D4-C9128146711E} = {124D66DE-8C1D-4430-89A2-CE7BEC6BAF31}
	EndGlobalSection
EndGlobal
